
Microsoft Visual Studio Solution File, Format Version 12.00
# Visual Studio 15
VisualStudioVersion = 15.0.28307.1705
MinimumVisualStudioVersion = 10.0.40219.1
Project("{FAE04EC0-301F-11D3-BF4B-00C04F79EFBC}") = "Conway", "Conway.\Conway.csproj", "{77BAD0F6-847E-400B-A23E-E93EC1782141}"
EndProject
Global
	GlobalSection(SolutionConfigurationPlatforms) = preSolution
		Debug|Any CPU = Debug|Any CPU
		Release|Any CPU = Release|Any CPU
	EndGlobalSection
	GlobalSection(ProjectConfigurationPlatforms) = postSolution
		{77BAD0F6-847E-400B-A23E-E93EC1782141}.Debug|Any CPU.ActiveCfg = Debug|Any CPU
		{77BAD0F6-847E-400B-A23E-E93EC1782141}.Debug|Any CPU.Build.0 = Debug|Any CPU
		{77BAD0F6-847E-400B-A23E-E93EC1782141}.Release|Any CPU.ActiveCfg = Release|Any CPU
		{77BAD0F6-847E-400B-A23E-E93EC1782141}.Release|Any CPU.Build.0 = Release|Any CPU
	EndGlobalSection
	GlobalSection(SolutionProperties) = preSolution
		HideSolutionNode = FALSE
	EndGlobalSection
	GlobalSection(ExtensibilityGlobals) = postSolution
		SolutionGuid = {CEC1AC84-BD2D-44DC-B270-6C88887B4A16}
	EndGlobalSection
EndGlobal
